
Microsoft Visual Studio Solution File, Format Version 11.00
# Visual Studio 2010
Project("{FAE04EC0-301F-11D3-BF4B-00C04F79EFBC}") = "MotorSolver", "MotorSolver\MotorSolver.csproj", "{AC8C73A7-20D8-4CE7-8A90-241AFC51A0CC}"
EndProject
Project("{FAE04EC0-301F-11D3-BF4B-00C04F79EFBC}") = "Program", "Program\Program.csproj", "{0B18ADD9-FC72-449D-BB86-F9EB3DF07603}"
	ProjectSection(ProjectDependencies) = postProject
		{AC8C73A7-20D8-4CE7-8A90-241AFC51A0CC} = {AC8C73A7-20D8-4CE7-8A90-241AFC51A0CC}
	EndProjectSection
EndProject
Project("{FAE04EC0-301F-11D3-BF4B-00C04F79EFBC}") = "MotorSolver.Test", "MotorSolver.Test\MotorSolver.Test.csproj", "{C0385942-ED76-4394-A996-2E5596A2BA9C}"
	ProjectSection(ProjectDependencies) = postProject
		{AC8C73A7-20D8-4CE7-8A90-241AFC51A0CC} = {AC8C73A7-20D8-4CE7-8A90-241AFC51A0CC}
	EndProjectSection
EndProject
Project("{FAE04EC0-301F-11D3-BF4B-00C04F79EFBC}") = "Program.Test", "Program.Test\Program.Test.csproj", "{4B2C31E7-8C92-40DA-A5EF-503375299ABD}"
	ProjectSection(ProjectDependencies) = postProject
		{0B18ADD9-FC72-449D-BB86-F9EB3DF07603} = {0B18ADD9-FC72-449D-BB86-F9EB3DF07603}
	EndProjectSection
EndProject
Global
	GlobalSection(SolutionConfigurationPlatforms) = preSolution
		Debug|x86 = Debug|x86
		Release|x86 = Release|x86
	EndGlobalSection
	GlobalSection(ProjectConfigurationPlatforms) = postSolution
		{AC8C73A7-20D8-4CE7-8A90-241AFC51A0CC}.Debug|x86.ActiveCfg = Debug|x86
		{AC8C73A7-20D8-4CE7-8A90-241AFC51A0CC}.Debug|x86.Build.0 = Debug|x86
		{AC8C73A7-20D8-4CE7-8A90-241AFC51A0CC}.Release|x86.ActiveCfg = Release|x86
		{AC8C73A7-20D8-4CE7-8A90-241AFC51A0CC}.Release|x86.Build.0 = Release|x86
		{0B18ADD9-FC72-449D-BB86-F9EB3DF07603}.Debug|x86.ActiveCfg = Debug|x86
		{0B18ADD9-FC72-449D-BB86-F9EB3DF07603}.Debug|x86.Build.0 = Debug|x86
		{0B18ADD9-FC72-449D-BB86-F9EB3DF07603}.Release|x86.ActiveCfg = Release|x86
		{0B18ADD9-FC72-449D-BB86-F9EB3DF07603}.Release|x86.Build.0 = Release|x86
		{C0385942-ED76-4394-A996-2E5596A2BA9C}.Debug|x86.ActiveCfg = Debug|x86
		{C0385942-ED76-4394-A996-2E5596A2BA9C}.Debug|x86.Build.0 = Debug|x86
		{C0385942-ED76-4394-A996-2E5596A2BA9C}.Release|x86.ActiveCfg = Release|x86
		{C0385942-ED76-4394-A996-2E5596A2BA9C}.Release|x86.Build.0 = Release|x86
		{4B2C31E7-8C92-40DA-A5EF-503375299ABD}.Debug|x86.ActiveCfg = Debug|x86
		{4B2C31E7-8C92-40DA-A5EF-503375299ABD}.Debug|x86.Build.0 = Debug|x86
		{4B2C31E7-8C92-40DA-A5EF-503375299ABD}.Release|x86.ActiveCfg = Release|x86
		{4B2C31E7-8C92-40DA-A5EF-503375299ABD}.Release|x86.Build.0 = Release|x86
	EndGlobalSection
	GlobalSection(SolutionProperties) = preSolution
		HideSolutionNode = FALSE
	EndGlobalSection
EndGlobal
