
Microsoft Visual Studio Solution File, Format Version 11.00
# Visual Studio 2010
Project("{FAE04EC0-301F-11D3-BF4B-00C04F79EFBC}") = "Program", "Program\Program.csproj", "{0B18ADD9-FC72-449D-BB86-F9EB3DF07603}"
	ProjectSection(ProjectDependencies) = postProject
		{AC8C73A7-20D8-4CE7-8A90-241AFC51A0CC} = {AC8C73A7-20D8-4CE7-8A90-241AFC51A0CC}
	EndProjectSection
EndProject
Project("{FAE04EC0-301F-11D3-BF4B-00C04F79EFBC}") = "Program.Test", "Program.Test\Program.Test.csproj", "{4B2C31E7-8C92-40DA-A5EF-503375299ABD}"
	ProjectSection(ProjectDependencies) = postProject
		{0B18ADD9-FC72-449D-BB86-F9EB3DF07603} = {0B18ADD9-FC72-449D-BB86-F9EB3DF07603}
	EndProjectSection
EndProject
Project("{FAE04EC0-301F-11D3-BF4B-00C04F79EFBC}") = "Solver", "Solver\Solver.csproj", "{AC8C73A7-20D8-4CE7-8A90-241AFC51A0CC}"
EndProject
Project("{FAE04EC0-301F-11D3-BF4B-00C04F79EFBC}") = "Solver.Test", "Solver.Test\Solver.Test.csproj", "{C0385942-ED76-4394-A996-2E5596A2BA9C}"
EndProject
Project("{FAE04EC0-301F-11D3-BF4B-00C04F79EFBC}") = "Interfaces", "Interfaces\Interfaces.csproj", "{E85A1F03-275D-46B7-9A0E-22C9E5D45E85}"
EndProject
Project("{FAE04EC0-301F-11D3-BF4B-00C04F79EFBC}") = "Database", "Database\Database.csproj", "{78D3B1BB-D256-412C-AEA4-E3CDED750E71}"
	ProjectSection(ProjectDependencies) = postProject
		{E85A1F03-275D-46B7-9A0E-22C9E5D45E85} = {E85A1F03-275D-46B7-9A0E-22C9E5D45E85}
	EndProjectSection
EndProject
Project("{FAE04EC0-301F-11D3-BF4B-00C04F79EFBC}") = "ParameterSet", "ParameterSet\ParameterSet.csproj", "{319AC215-B45B-4F50-9F21-F60796FD2D8F}"
EndProject
Project("{FAE04EC0-301F-11D3-BF4B-00C04F79EFBC}") = "ParameterSet.Test", "ParameterSet.Test\ParameterSet.Test.csproj", "{DE7B4AD9-A8BD-46FF-86D5-534D71A2BCF5}"
EndProject
Global
	GlobalSection(SolutionConfigurationPlatforms) = preSolution
		Debug|Any CPU = Debug|Any CPU
		Debug|Mixed Platforms = Debug|Mixed Platforms
		Debug|x86 = Debug|x86
		Release|Any CPU = Release|Any CPU
		Release|Mixed Platforms = Release|Mixed Platforms
		Release|x86 = Release|x86
	EndGlobalSection
	GlobalSection(ProjectConfigurationPlatforms) = postSolution
		{0B18ADD9-FC72-449D-BB86-F9EB3DF07603}.Debug|Any CPU.ActiveCfg = Debug|x86
		{0B18ADD9-FC72-449D-BB86-F9EB3DF07603}.Debug|Mixed Platforms.ActiveCfg = Debug|x86
		{0B18ADD9-FC72-449D-BB86-F9EB3DF07603}.Debug|Mixed Platforms.Build.0 = Debug|x86
		{0B18ADD9-FC72-449D-BB86-F9EB3DF07603}.Debug|x86.ActiveCfg = Debug|x86
		{0B18ADD9-FC72-449D-BB86-F9EB3DF07603}.Debug|x86.Build.0 = Debug|x86
		{0B18ADD9-FC72-449D-BB86-F9EB3DF07603}.Release|Any CPU.ActiveCfg = Release|x86
		{0B18ADD9-FC72-449D-BB86-F9EB3DF07603}.Release|Mixed Platforms.ActiveCfg = Release|x86
		{0B18ADD9-FC72-449D-BB86-F9EB3DF07603}.Release|Mixed Platforms.Build.0 = Release|x86
		{0B18ADD9-FC72-449D-BB86-F9EB3DF07603}.Release|x86.ActiveCfg = Release|x86
		{0B18ADD9-FC72-449D-BB86-F9EB3DF07603}.Release|x86.Build.0 = Release|x86
		{4B2C31E7-8C92-40DA-A5EF-503375299ABD}.Debug|Any CPU.ActiveCfg = Debug|x86
		{4B2C31E7-8C92-40DA-A5EF-503375299ABD}.Debug|Mixed Platforms.ActiveCfg = Debug|x86
		{4B2C31E7-8C92-40DA-A5EF-503375299ABD}.Debug|Mixed Platforms.Build.0 = Debug|x86
		{4B2C31E7-8C92-40DA-A5EF-503375299ABD}.Debug|x86.ActiveCfg = Debug|x86
		{4B2C31E7-8C92-40DA-A5EF-503375299ABD}.Debug|x86.Build.0 = Debug|x86
		{4B2C31E7-8C92-40DA-A5EF-503375299ABD}.Release|Any CPU.ActiveCfg = Release|x86
		{4B2C31E7-8C92-40DA-A5EF-503375299ABD}.Release|Mixed Platforms.ActiveCfg = Release|x86
		{4B2C31E7-8C92-40DA-A5EF-503375299ABD}.Release|Mixed Platforms.Build.0 = Release|x86
		{4B2C31E7-8C92-40DA-A5EF-503375299ABD}.Release|x86.ActiveCfg = Release|x86
		{4B2C31E7-8C92-40DA-A5EF-503375299ABD}.Release|x86.Build.0 = Release|x86
		{AC8C73A7-20D8-4CE7-8A90-241AFC51A0CC}.Debug|Any CPU.ActiveCfg = Debug|x86
		{AC8C73A7-20D8-4CE7-8A90-241AFC51A0CC}.Debug|Mixed Platforms.ActiveCfg = Debug|x86
		{AC8C73A7-20D8-4CE7-8A90-241AFC51A0CC}.Debug|Mixed Platforms.Build.0 = Debug|x86
		{AC8C73A7-20D8-4CE7-8A90-241AFC51A0CC}.Debug|x86.ActiveCfg = Debug|x86
		{AC8C73A7-20D8-4CE7-8A90-241AFC51A0CC}.Debug|x86.Build.0 = Debug|x86
		{AC8C73A7-20D8-4CE7-8A90-241AFC51A0CC}.Release|Any CPU.ActiveCfg = Release|x86
		{AC8C73A7-20D8-4CE7-8A90-241AFC51A0CC}.Release|Mixed Platforms.ActiveCfg = Release|x86
		{AC8C73A7-20D8-4CE7-8A90-241AFC51A0CC}.Release|Mixed Platforms.Build.0 = Release|x86
		{AC8C73A7-20D8-4CE7-8A90-241AFC51A0CC}.Release|x86.ActiveCfg = Release|x86
		{AC8C73A7-20D8-4CE7-8A90-241AFC51A0CC}.Release|x86.Build.0 = Release|x86
		{C0385942-ED76-4394-A996-2E5596A2BA9C}.Debug|Any CPU.ActiveCfg = Debug|x86
		{C0385942-ED76-4394-A996-2E5596A2BA9C}.Debug|Mixed Platforms.ActiveCfg = Debug|x86
		{C0385942-ED76-4394-A996-2E5596A2BA9C}.Debug|Mixed Platforms.Build.0 = Debug|x86
		{C0385942-ED76-4394-A996-2E5596A2BA9C}.Debug|x86.ActiveCfg = Debug|x86
		{C0385942-ED76-4394-A996-2E5596A2BA9C}.Debug|x86.Build.0 = Debug|x86
		{C0385942-ED76-4394-A996-2E5596A2BA9C}.Release|Any CPU.ActiveCfg = Release|x86
		{C0385942-ED76-4394-A996-2E5596A2BA9C}.Release|Mixed Platforms.ActiveCfg = Release|x86
		{C0385942-ED76-4394-A996-2E5596A2BA9C}.Release|Mixed Platforms.Build.0 = Release|x86
		{C0385942-ED76-4394-A996-2E5596A2BA9C}.Release|x86.ActiveCfg = Release|x86
		{C0385942-ED76-4394-A996-2E5596A2BA9C}.Release|x86.Build.0 = Release|x86
		{E85A1F03-275D-46B7-9A0E-22C9E5D45E85}.Debug|Any CPU.ActiveCfg = Debug|Any CPU
		{E85A1F03-275D-46B7-9A0E-22C9E5D45E85}.Debug|Any CPU.Build.0 = Debug|Any CPU
		{E85A1F03-275D-46B7-9A0E-22C9E5D45E85}.Debug|Mixed Platforms.ActiveCfg = Debug|Any CPU
		{E85A1F03-275D-46B7-9A0E-22C9E5D45E85}.Debug|Mixed Platforms.Build.0 = Debug|Any CPU
		{E85A1F03-275D-46B7-9A0E-22C9E5D45E85}.Debug|x86.ActiveCfg = Debug|Any CPU
		{E85A1F03-275D-46B7-9A0E-22C9E5D45E85}.Release|Any CPU.ActiveCfg = Release|Any CPU
		{E85A1F03-275D-46B7-9A0E-22C9E5D45E85}.Release|Any CPU.Build.0 = Release|Any CPU
		{E85A1F03-275D-46B7-9A0E-22C9E5D45E85}.Release|Mixed Platforms.ActiveCfg = Release|Any CPU
		{E85A1F03-275D-46B7-9A0E-22C9E5D45E85}.Release|Mixed Platforms.Build.0 = Release|Any CPU
		{E85A1F03-275D-46B7-9A0E-22C9E5D45E85}.Release|x86.ActiveCfg = Release|Any CPU
		{78D3B1BB-D256-412C-AEA4-E3CDED750E71}.Debug|Any CPU.ActiveCfg = Debug|Any CPU
		{78D3B1BB-D256-412C-AEA4-E3CDED750E71}.Debug|Any CPU.Build.0 = Debug|Any CPU
		{78D3B1BB-D256-412C-AEA4-E3CDED750E71}.Debug|Mixed Platforms.ActiveCfg = Debug|Any CPU
		{78D3B1BB-D256-412C-AEA4-E3CDED750E71}.Debug|Mixed Platforms.Build.0 = Debug|Any CPU
		{78D3B1BB-D256-412C-AEA4-E3CDED750E71}.Debug|x86.ActiveCfg = Debug|Any CPU
		{78D3B1BB-D256-412C-AEA4-E3CDED750E71}.Release|Any CPU.ActiveCfg = Release|Any CPU
		{78D3B1BB-D256-412C-AEA4-E3CDED750E71}.Release|Any CPU.Build.0 = Release|Any CPU
		{78D3B1BB-D256-412C-AEA4-E3CDED750E71}.Release|Mixed Platforms.ActiveCfg = Release|Any CPU
		{78D3B1BB-D256-412C-AEA4-E3CDED750E71}.Release|Mixed Platforms.Build.0 = Release|Any CPU
		{78D3B1BB-D256-412C-AEA4-E3CDED750E71}.Release|x86.ActiveCfg = Release|Any CPU
		{319AC215-B45B-4F50-9F21-F60796FD2D8F}.Debug|Any CPU.ActiveCfg = Debug|Any CPU
		{319AC215-B45B-4F50-9F21-F60796FD2D8F}.Debug|Any CPU.Build.0 = Debug|Any CPU
		{319AC215-B45B-4F50-9F21-F60796FD2D8F}.Debug|Mixed Platforms.ActiveCfg = Debug|Any CPU
		{319AC215-B45B-4F50-9F21-F60796FD2D8F}.Debug|Mixed Platforms.Build.0 = Debug|Any CPU
		{319AC215-B45B-4F50-9F21-F60796FD2D8F}.Debug|x86.ActiveCfg = Debug|Any CPU
		{319AC215-B45B-4F50-9F21-F60796FD2D8F}.Release|Any CPU.ActiveCfg = Release|Any CPU
		{319AC215-B45B-4F50-9F21-F60796FD2D8F}.Release|Any CPU.Build.0 = Release|Any CPU
		{319AC215-B45B-4F50-9F21-F60796FD2D8F}.Release|Mixed Platforms.ActiveCfg = Release|Any CPU
		{319AC215-B45B-4F50-9F21-F60796FD2D8F}.Release|Mixed Platforms.Build.0 = Release|Any CPU
		{319AC215-B45B-4F50-9F21-F60796FD2D8F}.Release|x86.ActiveCfg = Release|Any CPU
		{DE7B4AD9-A8BD-46FF-86D5-534D71A2BCF5}.Debug|Any CPU.ActiveCfg = Debug|x86
		{DE7B4AD9-A8BD-46FF-86D5-534D71A2BCF5}.Debug|Mixed Platforms.ActiveCfg = Debug|x86
		{DE7B4AD9-A8BD-46FF-86D5-534D71A2BCF5}.Debug|Mixed Platforms.Build.0 = Debug|x86
		{DE7B4AD9-A8BD-46FF-86D5-534D71A2BCF5}.Debug|x86.ActiveCfg = Debug|x86
		{DE7B4AD9-A8BD-46FF-86D5-534D71A2BCF5}.Debug|x86.Build.0 = Debug|x86
		{DE7B4AD9-A8BD-46FF-86D5-534D71A2BCF5}.Release|Any CPU.ActiveCfg = Release|x86
		{DE7B4AD9-A8BD-46FF-86D5-534D71A2BCF5}.Release|Mixed Platforms.ActiveCfg = Release|x86
		{DE7B4AD9-A8BD-46FF-86D5-534D71A2BCF5}.Release|Mixed Platforms.Build.0 = Release|x86
		{DE7B4AD9-A8BD-46FF-86D5-534D71A2BCF5}.Release|x86.ActiveCfg = Release|x86
		{DE7B4AD9-A8BD-46FF-86D5-534D71A2BCF5}.Release|x86.Build.0 = Release|x86
	EndGlobalSection
	GlobalSection(SolutionProperties) = preSolution
		HideSolutionNode = FALSE
	EndGlobalSection
EndGlobal
